
Microsoft Visual Studio Solution File, Format Version 12.00
# Visual Studio 2013
VisualStudioVersion = 12.0.30501.0
MinimumVisualStudioVersion = 10.0.40219.1
Project("{FAE04EC0-301F-11D3-BF4B-00C04F79EFBC}") = "HLSLShaderEditor", "HLSLShaderEditor\HLSLShaderEditor.csproj", "{C37737DF-7313-4856-8F02-16EE80A638CE}"
EndProject
Project("{FAE04EC0-301F-11D3-BF4B-00C04F79EFBC}") = "MonoGame.Framework.Windows", "..\..\..\..\..\Desktop\Projectos Personales\MonoGame\MonoGame.Framework\MonoGame.Framework.Windows.csproj", "{7DE47032-A904-4C29-BD22-2D235E8D91BA}"
EndProject
Global
	GlobalSection(SolutionConfigurationPlatforms) = preSolution
		Debug|Any CPU = Debug|Any CPU
		Debug|Mixed Platforms = Debug|Mixed Platforms
		Debug|x86 = Debug|x86
		Release|Any CPU = Release|Any CPU
		Release|Mixed Platforms = Release|Mixed Platforms
		Release|x86 = Release|x86
	EndGlobalSection
	GlobalSection(ProjectConfigurationPlatforms) = postSolution
		{C37737DF-7313-4856-8F02-16EE80A638CE}.Debug|Any CPU.ActiveCfg = Debug|x86
		{C37737DF-7313-4856-8F02-16EE80A638CE}.Debug|Mixed Platforms.ActiveCfg = Debug|x86
		{C37737DF-7313-4856-8F02-16EE80A638CE}.Debug|Mixed Platforms.Build.0 = Debug|x86
		{C37737DF-7313-4856-8F02-16EE80A638CE}.Debug|x86.ActiveCfg = Debug|x86
		{C37737DF-7313-4856-8F02-16EE80A638CE}.Debug|x86.Build.0 = Debug|x86
		{C37737DF-7313-4856-8F02-16EE80A638CE}.Release|Any CPU.ActiveCfg = Release|x86
		{C37737DF-7313-4856-8F02-16EE80A638CE}.Release|Mixed Platforms.ActiveCfg = Release|x86
		{C37737DF-7313-4856-8F02-16EE80A638CE}.Release|Mixed Platforms.Build.0 = Release|x86
		{C37737DF-7313-4856-8F02-16EE80A638CE}.Release|x86.ActiveCfg = Release|x86
		{C37737DF-7313-4856-8F02-16EE80A638CE}.Release|x86.Build.0 = Release|x86
		{7DE47032-A904-4C29-BD22-2D235E8D91BA}.Debug|Any CPU.ActiveCfg = Debug|Any CPU
		{7DE47032-A904-4C29-BD22-2D235E8D91BA}.Debug|Any CPU.Build.0 = Debug|Any CPU
		{7DE47032-A904-4C29-BD22-2D235E8D91BA}.Debug|Mixed Platforms.ActiveCfg = Debug|Any CPU
		{7DE47032-A904-4C29-BD22-2D235E8D91BA}.Debug|Mixed Platforms.Build.0 = Debug|Any CPU
		{7DE47032-A904-4C29-BD22-2D235E8D91BA}.Debug|x86.ActiveCfg = Debug|Any CPU
		{7DE47032-A904-4C29-BD22-2D235E8D91BA}.Release|Any CPU.ActiveCfg = Release|Any CPU
		{7DE47032-A904-4C29-BD22-2D235E8D91BA}.Release|Any CPU.Build.0 = Release|Any CPU
		{7DE47032-A904-4C29-BD22-2D235E8D91BA}.Release|Mixed Platforms.ActiveCfg = Release|Any CPU
		{7DE47032-A904-4C29-BD22-2D235E8D91BA}.Release|Mixed Platforms.Build.0 = Release|Any CPU
		{7DE47032-A904-4C29-BD22-2D235E8D91BA}.Release|x86.ActiveCfg = Release|Any CPU
	EndGlobalSection
	GlobalSection(SolutionProperties) = preSolution
		HideSolutionNode = FALSE
	EndGlobalSection
EndGlobal
